{
  "version": "2",
  "remote": {},
  "npm": {
    "specifiers": { "@sentry/node": "@sentry/node@7.31.1" },
    "packages": {
      "@sentry/core@7.31.1": {
        "integrity": "sha512-quaNU6z8jabmatBTDi28Wpff2yzfWIp/IU4bbi2QOtEiCNT+TQJXqlRTRMu9xLrX7YzyKCL5X2gbit/85lyWUg==",
        "dependencies": {
          "@sentry/types": "@sentry/types@7.31.1",
          "@sentry/utils": "@sentry/utils@7.31.1",
          "tslib": "tslib@1.14.1"
        }
      },
      "@sentry/node@7.31.1": {
        "integrity": "sha512-4VzfOU1YHeoGkBQmkVXlXoXITf+1NkZEREKhdzgpVAkVjb2Tk3sMoFov4wOKWnNTTj4ka50xyaw/ZmqApgQ4Pw==",
        "dependencies": {
          "@sentry/core": "@sentry/core@7.31.1",
          "@sentry/types": "@sentry/types@7.31.1",
          "@sentry/utils": "@sentry/utils@7.31.1",
          "cookie": "cookie@0.4.2",
          "https-proxy-agent": "https-proxy-agent@5.0.1",
          "lru_map": "lru_map@0.3.3",
          "tslib": "tslib@1.14.1"
        }
      },
      "@sentry/types@7.31.1": {
        "integrity": "sha512-1uzr2l0AxEnxUX/S0EdmXUQ15/kDsam8Nbdw4Gai8SU764XwQgA/TTjoewVP597CDI/AHKan67Y630/Ylmkx9w==",
        "dependencies": {}
      },
      "@sentry/utils@7.31.1": {
        "integrity": "sha512-ZsIPq29aNdP9q3R7qIzJhZ9WW+4DzE9g5SfGwx3UjTIxoRRBfdUJUbf7S+LKEdvCkKbyoDt6FLt5MiSJV43xBA==",
        "dependencies": {
          "@sentry/types": "@sentry/types@7.31.1",
          "tslib": "tslib@1.14.1"
        }
      },
      "agent-base@6.0.2": {
        "integrity": "sha512-RZNwNclF7+MS/8bDg70amg32dyeZGZxiDuQmZxKLAlQjr3jGyLx+4Kkk58UO7D2QdgFIQCovuSuZESne6RG6XQ==",
        "dependencies": { "debug": "debug@4.3.4" }
      },
      "cookie@0.4.2": {
        "integrity": "sha512-aSWTXFzaKWkvHO1Ny/s+ePFpvKsPnjc551iI41v3ny/ow6tBG5Vd+FuqGNhh1LxOmVzOlGUriIlOaokOvhaStA==",
        "dependencies": {}
      },
      "debug@4.3.4": {
        "integrity": "sha512-PRWFHuSU3eDtQJPvnNY7Jcket1j0t5OuOsFzPPzsekD52Zl8qUfFIPEiswXqIvHWGVHOgX+7G/vCNNhehwxfkQ==",
        "dependencies": { "ms": "ms@2.1.2" }
      },
      "https-proxy-agent@5.0.1": {
        "integrity": "sha512-dFcAjpTQFgoLMzC2VwU+C/CbS7uRL0lWmxDITmqm7C+7F0Odmj6s9l6alZc6AELXhrnggM2CeWSXHGOdX2YtwA==",
        "dependencies": {
          "agent-base": "agent-base@6.0.2",
          "debug": "debug@4.3.4"
        }
      },
      "lru_map@0.3.3": {
        "integrity": "sha512-Pn9cox5CsMYngeDbmChANltQl+5pi6XmTrraMSzhPmMBbmgcxmqWry0U3PGapCU1yB4/LqCcom7qhHZiF/jGfQ==",
        "dependencies": {}
      },
      "ms@2.1.2": {
        "integrity": "sha512-sGkPx+VjMtmA6MX27oA4FBFELFCZZ4S4XqeGOXCv68tT+jb3vk/RyaKWP0PTKyWtmLSM0b+adUTEvbs1PEaH2w==",
        "dependencies": {}
      },
      "tslib@1.14.1": {
        "integrity": "sha512-Xni35NKzjgMrwevysHTCArtLDpPvye8zV/0E4EyYn43P7/7qvQwPh9BGkHewbMulVntbigmcT7rdX3BNo9wRJg==",
        "dependencies": {}
      }
    }
  }
}
